// !$*UTF8*$!
{
	archiveVersion = 1;
	classes = {
	};
	objectVersion = 50;
	objects = {

/* Begin PBXBuildFile section */
		3FE6768524FDF038004709A7 /* AppDelegate.swift in Sources */ = {isa = PBXBuildFile; fileRef = 3FE6768424FDF038004709A7 /* AppDelegate.swift */; };
		3FE6768724FDF038004709A7 /* SceneDelegate.swift in Sources */ = {isa = PBXBuildFile; fileRef = 3FE6768624FDF038004709A7 /* SceneDelegate.swift */; };
		3FE6768924FDF038004709A7 /* ViewController.swift in Sources */ = {isa = PBXBuildFile; fileRef = 3FE6768824FDF038004709A7 /* ViewController.swift */; };
		3FE6768C24FDF038004709A7 /* Main.storyboard in Resources */ = {isa = PBXBuildFile; fileRef = 3FE6768A24FDF038004709A7 /* Main.storyboard */; };
		3FE6768E24FDF03A004709A7 /* Assets.xcassets in Resources */ = {isa = PBXBuildFile; fileRef = 3FE6768D24FDF03A004709A7 /* Assets.xcassets */; };
		3FE6769124FDF03A004709A7 /* LaunchScreen.storyboard in Resources */ = {isa = PBXBuildFile; fileRef = 3FE6768F24FDF03A004709A7 /* LaunchScreen.storyboard */; };
		3FE6769C24FDF03A004709A7 /* tipTests.swift in Sources */ = {isa = PBXBuildFile; fileRef = 3FE6769B24FDF03A004709A7 /* tipTests.swift */; };
		3FE676A724FDF03A004709A7 /* tipUITests.swift in Sources */ = {isa = PBXBuildFile; fileRef = 3FE676A624FDF03A004709A7 /* tipUITests.swift */; };
/* End PBXBuildFile section */

/* Begin PBXContainerItemProxy section */
		3FE6769824FDF03A004709A7 /* PBXContainerItemProxy */ = {
			isa = PBXContainerItemProxy;
			containerPortal = 3FE6767924FDF038004709A7 /* Project object */;
			proxyType = 1;
			remoteGlobalIDString = 3FE6768024FDF038004709A7;
			remoteInfo = tip;
		};
		3FE676A324FDF03A004709A7 /* PBXContainerItemProxy */ = {
			isa = PBXContainerItemProxy;
			containerPortal = 3FE6767924FDF038004709A7 /* Project object */;
			proxyType = 1;
			remoteGlobalIDString = 3FE6768024FDF038004709A7;
			remoteInfo = tip;
		};
/* End PBXContainerItemProxy section */

/* Begin PBXFileReference section */
		3FE6768124FDF038004709A7 /* tip.app */ = {isa = PBXFileReference; explicitFileType = wrapper.application; includeInIndex = 0; path = tip.app; sourceTree = BUILT_PRODUCTS_DIR; };
		3FE6768424FDF038004709A7 /* AppDelegate.swift */ = {isa = PBXFileReference; lastKnownFileType = sourcecode.swift; path = AppDelegate.swift; sourceTree = "<group>"; };
		3FE6768624FDF038004709A7 /* SceneDelegate.swift */ = {isa = PBXFileReference; lastKnownFileType = sourcecode.swift; path = SceneDelegate.swift; sourceTree = "<group>"; };
		3FE6768824FDF038004709A7 /* ViewController.swift */ = {isa = PBXFileReference; lastKnownFileType = sourcecode.swift; path = ViewController.swift; sourceTree = "<group>"; };
		3FE6768B24FDF038004709A7 /* Base */ = {isa = PBXFileReference; lastKnownFileType = file.storyboard; name = Base; path = Base.lproj/Main.storyboard; sourceTree = "<group>"; };
		3FE6768D24FDF03A004709A7 /* Assets.xcassets */ = {isa = PBXFileReference; lastKnownFileType = folder.assetcatalog; path = Assets.xcassets; sourceTree = "<group>"; };
		3FE6769024FDF03A004709A7 /* Base */ = {isa = PBXFileReference; lastKnownFileType = file.storyboard; name = Base; path = Base.lproj/LaunchScreen.storyboard; sourceTree = "<group>"; };
		3FE6769224FDF03A004709A7 /* Info.plist */ = {isa = PBXFileReference; lastKnownFileType = text.plist.xml; path = Info.plist; sourceTree = "<group>"; };
		3FE6769724FDF03A004709A7 /* tipTests.xctest */ = {isa = PBXFileReference; explicitFileType = wrapper.cfbundle; includeInIndex = 0; path = tipTests.xctest; sourceTree = BUILT_PRODUCTS_DIR; };
		3FE6769B24FDF03A004709A7 /* tipTests.swift */ = {isa = PBXFileReference; lastKnownFileType = sourcecode.swift; path = tipTests.swift; sourceTree = "<group>"; };
		3FE6769D24FDF03A004709A7 /* Info.plist */ = {isa = PBXFileReference; lastKnownFileType = text.plist.xml; path = Info.plist; sourceTree = "<group>"; };
		3FE676A224FDF03A004709A7 /* tipUITests.xctest */ = {isa = PBXFileReference; explicitFileType = wrapper.cfbundle; includeInIndex = 0; path = tipUITests.xctest; sourceTree = BUILT_PRODUCTS_DIR; };
		3FE676A624FDF03A004709A7 /* tipUITests.swift */ = {isa = PBXFileReference; lastKnownFileType = sourcecode.swift; path = tipUITests.swift; sourceTree = "<group>"; };
		3FE676A824FDF03A004709A7 /* Info.plist */ = {isa = PBXFileReference; lastKnownFileType = text.plist.xml; path = Info.plist; sourceTree = "<group>"; };
/* End PBXFileReference section */

/* Begin PBXFrameworksBuildPhase section */
		3FE6767E24FDF038004709A7 /* Frameworks */ = {
			isa = PBXFrameworksBuildPhase;
			buildActionMask = 2147483647;
			files = (
			);
			runOnlyForDeploymentPostprocessing = 0;
		};
		3FE6769424FDF03A004709A7 /* Frameworks */ = {
			isa = PBXFrameworksBuildPhase;
			buildActionMask = 2147483647;
			files = (
			);
			runOnlyForDeploymentPostprocessing = 0;
		};
		3FE6769F24FDF03A004709A7 /* Frameworks */ = {
			isa = PBXFrameworksBuildPhase;
			buildActionMask = 2147483647;
			files = (
			);
			runOnlyForDeploymentPostprocessing = 0;
		};
/* End PBXFrameworksBuildPhase section */

/* Begin PBXGroup section */
		3FE6767824FDF038004709A7 = {
			isa = PBXGroup;
			children = (
				3FE6768324FDF038004709A7 /* tip */,
				3FE6769A24FDF03A004709A7 /* tipTests */,
				3FE676A524FDF03A004709A7 /* tipUITests */,
				3FE6768224FDF038004709A7 /* Products */,
			);
			sourceTree = "<group>";
		};
		3FE6768224FDF038004709A7 /* Products */ = {
			isa = PBXGroup;
			children = (
				3FE6768124FDF038004709A7 /* tip.app */,
				3FE6769724FDF03A004709A7 /* tipTests.xctest */,
				3FE676A224FDF03A004709A7 /* tipUITests.xctest */,
			);
			name = Products;
			sourceTree = "<group>";
		};
		3FE6768324FDF038004709A7 /* tip */ = {
			isa = PBXGroup;
			children = (
				3FE6768424FDF038004709A7 /* AppDelegate.swift */,
				3FE6768624FDF038004709A7 /* SceneDelegate.swift */,
				3FE6768824FDF038004709A7 /* ViewController.swift */,
				3FE6768A24FDF038004709A7 /* Main.storyboard */,
				3FE6768D24FDF03A004709A7 /* Assets.xcassets */,
				3FE6768F24FDF03A004709A7 /* LaunchScreen.storyboard */,
				3FE6769224FDF03A004709A7 /* Info.plist */,
			);
			path = tip;
			sourceTree = "<group>";
		};
		3FE6769A24FDF03A004709A7 /* tipTests */ = {
			isa = PBXGroup;
			children = (
				3FE6769B24FDF03A004709A7 /* tipTests.swift */,
				3FE6769D24FDF03A004709A7 /* Info.plist */,
			);
			path = tipTests;
			sourceTree = "<group>";
		};
		3FE676A524FDF03A004709A7 /* tipUITests */ = {
			isa = PBXGroup;
			children = (
				3FE676A624FDF03A004709A7 /* tipUITests.swift */,
				3FE676A824FDF03A004709A7 /* Info.plist */,
			);
			path = tipUITests;
			sourceTree = "<group>";
		};
/* End PBXGroup section */

/* Begin PBXNativeTarget section */
		3FE6768024FDF038004709A7 /* tip */ = {
			isa = PBXNativeTarget;
			buildConfigurationList = 3FE676AB24FDF03A004709A7 /* Build configuration list for PBXNativeTarget "tip" */;
			buildPhases = (
				3FE6767D24FDF038004709A7 /* Sources */,
				3FE6767E24FDF038004709A7 /* Frameworks */,
				3FE6767F24FDF038004709A7 /* Resources */,
			);
			buildRules = (
			);
			dependencies = (
			);
			name = tip;
			productName = tip;
			productReference = 3FE6768124FDF038004709A7 /* tip.app */;
			productType = "com.apple.product-type.application";
		};
		3FE6769624FDF03A004709A7 /* tipTests */ = {
			isa = PBXNativeTarget;
			buildConfigurationList = 3FE676AE24FDF03A004709A7 /* Build configuration list for PBXNativeTarget "tipTests" */;
			buildPhases = (
				3FE6769324FDF03A004709A7 /* Sources */,
				3FE6769424FDF03A004709A7 /* Frameworks */,
				3FE6769524FDF03A004709A7 /* Resources */,
			);
			buildRules = (
			);
			dependencies = (
				3FE6769924FDF03A004709A7 /* PBXTargetDependency */,
			);
			name = tipTests;
			productName = tipTests;
			productReference = 3FE6769724FDF03A004709A7 /* tipTests.xctest */;
			productType = "com.apple.product-type.bundle.unit-test";
		};
		3FE676A124FDF03A004709A7 /* tipUITests */ = {
			isa = PBXNativeTarget;
			buildConfigurationList = 3FE676B124FDF03A004709A7 /* Build configuration list for PBXNativeTarget "tipUITests" */;
			buildPhases = (
				3FE6769E24FDF03A004709A7 /* Sources */,
				3FE6769F24FDF03A004709A7 /* Frameworks */,
				3FE676A024FDF03A004709A7 /* Resources */,
			);
			buildRules = (
			);
			dependencies = (
				3FE676A424FDF03A004709A7 /* PBXTargetDependency */,
			);
			name = tipUITests;
			productName = tipUITests;
			productReference = 3FE676A224FDF03A004709A7 /* tipUITests.xctest */;
			productType = "com.apple.product-type.bundle.ui-testing";
		};
/* End PBXNativeTarget section */

/* Begin PBXProject section */
		3FE6767924FDF038004709A7 /* Project object */ = {
			isa = PBXProject;
			attributes = {
				LastSwiftUpdateCheck = 1120;
				LastUpgradeCheck = 1120;
				ORGANIZATIONNAME = Codepath;
				TargetAttributes = {
					3FE6768024FDF038004709A7 = {
						CreatedOnToolsVersion = 11.2.1;
					};
					3FE6769624FDF03A004709A7 = {
						CreatedOnToolsVersion = 11.2.1;
						TestTargetID = 3FE6768024FDF038004709A7;
					};
					3FE676A124FDF03A004709A7 = {
						CreatedOnToolsVersion = 11.2.1;
						TestTargetID = 3FE6768024FDF038004709A7;
					};
				};
			};
			buildConfigurationList = 3FE6767C24FDF038004709A7 /* Build configuration list for PBXProject "tip" */;
			compatibilityVersion = "Xcode 9.3";
			developmentRegion = en;
			hasScannedForEncodings = 0;
			knownRegions = (
				en,
				Base,
			);
			mainGroup = 3FE6767824FDF038004709A7;
			productRefGroup = 3FE6768224FDF038004709A7 /* Products */;
			projectDirPath = "";
			projectRoot = "";
			targets = (
				3FE6768024FDF038004709A7 /* tip */,
				3FE6769624FDF03A004709A7 /* tipTests */,
				3FE676A124FDF03A004709A7 /* tipUITests */,
			);
		};
/* End PBXProject section */

/* Begin PBXResourcesBuildPhase section */
		3FE6767F24FDF038004709A7 /* Resources */ = {
			isa = PBXResourcesBuildPhase;
			buildActionMask = 2147483647;
			files = (
				3FE6769124FDF03A004709A7 /* LaunchScreen.storyboard in Resources */,
				3FE6768E24FDF03A004709A7 /* Assets.xcassets in Resources */,
				3FE6768C24FDF038004709A7 /* Main.storyboard in Resources */,
			);
			runOnlyForDeploymentPostprocessing = 0;
		};
		3FE6769524FDF03A004709A7 /* Resources */ = {
			isa = PBXResourcesBuildPhase;
			buildActionMask = 2147483647;
			files = (
			);
			runOnlyForDeploymentPostprocessing = 0;
		};
		3FE676A024FDF03A004709A7 /* Resources */ = {
			isa = PBXResourcesBuildPhase;
			buildActionMask = 2147483647;
			files = (
			);
			runOnlyForDeploymentPostprocessing = 0;
		};
/* End PBXResourcesBuildPhase section */

/* Begin PBXSourcesBuildPhase section */
		3FE6767D24FDF038004709A7 /* Sources */ = {
			isa = PBXSourcesBuildPhase;
			buildActionMask = 2147483647;
			files = (
				3FE6768924FDF038004709A7 /* ViewController.swift in Sources */,
				3FE6768524FDF038004709A7 /* AppDelegate.swift in Sources */,
				3FE6768724FDF038004709A7 /* SceneDelegate.swift in Sources */,
			);
			runOnlyForDeploymentPostprocessing = 0;
		};
		3FE6769324FDF03A004709A7 /* Sources */ = {
			isa = PBXSourcesBuildPhase;
			buildActionMask = 2147483647;
			files = (
				3FE6769C24FDF03A004709A7 /* tipTests.swift in Sources */,
			);
			runOnlyForDeploymentPostprocessing = 0;
		};
		3FE6769E24FDF03A004709A7 /* Sources */ = {
			isa = PBXSourcesBuildPhase;
			buildActionMask = 2147483647;
			files = (
				3FE676A724FDF03A004709A7 /* tipUITests.swift in Sources */,
			);
			runOnlyForDeploymentPostprocessing = 0;
		};
/* End PBXSourcesBuildPhase section */

/* Begin PBXTargetDependency section */
		3FE6769924FDF03A004709A7 /* PBXTargetDependency */ = {
			isa = PBXTargetDependency;
			target = 3FE6768024FDF038004709A7 /* tip */;
			targetProxy = 3FE6769824FDF03A004709A7 /* PBXContainerItemProxy */;
		};
		3FE676A424FDF03A004709A7 /* PBXTargetDependency */ = {
			isa = PBXTargetDependency;
			target = 3FE6768024FDF038004709A7 /* tip */;
			targetProxy = 3FE676A324FDF03A004709A7 /* PBXContainerItemProxy */;
		};
/* End PBXTargetDependency section */

/* Begin PBXVariantGroup section */
		3FE6768A24FDF038004709A7 /* Main.storyboard */ = {
			isa = PBXVariantGroup;
			children = (
				3FE6768B24FDF038004709A7 /* Base */,
			);
			name = Main.storyboard;
			sourceTree = "<group>";
		};
		3FE6768F24FDF03A004709A7 /* LaunchScreen.storyboard */ = {
			isa = PBXVariantGroup;
			children = (
				3FE6769024FDF03A004709A7 /* Base */,
			);
			name = LaunchScreen.storyboard;
			sourceTree = "<group>";
		};
/* End PBXVariantGroup section */

/* Begin XCBuildConfiguration section */
		3FE676A924FDF03A004709A7 /* Debug */ = {
			isa = XCBuildConfiguration;
			buildSettings = {
				ALWAYS_SEARCH_USER_PATHS = NO;
				CLANG_ANALYZER_NONNULL = YES;
				CLANG_ANALYZER_NUMBER_OBJECT_CONVERSION = YES_AGGRESSIVE;
				CLANG_CXX_LANGUAGE_STANDARD = "gnu++14";
				CLANG_CXX_LIBRARY = "libc++";
				CLANG_ENABLE_MODULES = YES;
				CLANG_ENABLE_OBJC_ARC = YES;
				CLANG_ENABLE_OBJC_WEAK = YES;
				CLANG_WARN_BLOCK_CAPTURE_AUTORELEASING = YES;
				CLANG_WARN_BOOL_CONVERSION = YES;
				CLANG_WARN_COMMA = YES;
				CLANG_WARN_CONSTANT_CONVERSION = YES;
				CLANG_WARN_DEPRECATED_OBJC_IMPLEMENTATIONS = YES;
				CLANG_WARN_DIRECT_OBJC_ISA_USAGE = YES_ERROR;
				CLANG_WARN_DOCUMENTATION_COMMENTS = YES;
				CLANG_WARN_EMPTY_BODY = YES;
				CLANG_WARN_ENUM_CONVERSION = YES;
				CLANG_WARN_INFINITE_RECURSION = YES;
				CLANG_WARN_INT_CONVERSION = YES;
				CLANG_WARN_NON_LITERAL_NULL_CONVERSION = YES;
				CLANG_WARN_OBJC_IMPLICIT_RETAIN_SELF = YES;
				CLANG_WARN_OBJC_LITERAL_CONVERSION = YES;
				CLANG_WARN_OBJC_ROOT_CLASS = YES_ERROR;
				CLANG_WARN_RANGE_LOOP_ANALYSIS = YES;
				CLANG_WARN_STRICT_PROTOTYPES = YES;
				CLANG_WARN_SUSPICIOUS_MOVE = YES;
				CLANG_WARN_UNGUARDED_AVAILABILITY = YES_AGGRESSIVE;
				CLANG_WARN_UNREACHABLE_CODE = YES;
				CLANG_WARN__DUPLICATE_METHOD_MATCH = YES;
				COPY_PHASE_STRIP = NO;
				DEBUG_INFORMATION_FORMAT = dwarf;
				ENABLE_STRICT_OBJC_MSGSEND = YES;
				ENABLE_TESTABILITY = YES;
				GCC_C_LANGUAGE_STANDARD = gnu11;
				GCC_DYNAMIC_NO_PIC = NO;
				GCC_NO_COMMON_BLOCKS = YES;
				GCC_OPTIMIZATION_LEVEL = 0;
				GCC_PREPROCESSOR_DEFINITIONS = (
					"DEBUG=1",
					"$(inherited)",
				);
				GCC_WARN_64_TO_32_BIT_CONVERSION = YES;
				GCC_WARN_ABOUT_RETURN_TYPE = YES_ERROR;
				GCC_WARN_UNDECLARED_SELECTOR = YES;
				GCC_WARN_UNINITIALIZED_AUTOS = YES_AGGRESSIVE;
				GCC_WARN_UNUSED_FUNCTION = YES;
				GCC_WARN_UNUSED_VARIABLE = YES;
				IPHONEOS_DEPLOYMENT_TARGET = 13.2;
				MTL_ENABLE_DEBUG_INFO = INCLUDE_SOURCE;
				MTL_FAST_MATH = YES;
				ONLY_ACTIVE_ARCH = YES;
				SDKROOT = iphoneos;
				SWIFT_ACTIVE_COMPILATION_CONDITIONS = DEBUG;
				SWIFT_OPTIMIZATION_LEVEL = "-Onone";
			};
			name = Debug;
		};
		3FE676AA24FDF03A004709A7 /* Release */ = {
			isa = XCBuildConfiguration;
			buildSettings = {
				ALWAYS_SEARCH_USER_PATHS = NO;
				CLANG_ANALYZER_NONNULL = YES;
				CLANG_ANALYZER_NUMBER_OBJECT_CONVERSION = YES_AGGRESSIVE;
				CLANG_CXX_LANGUAGE_STANDARD = "gnu++14";
				CLANG_CXX_LIBRARY = "libc++";
				CLANG_ENABLE_MODULES = YES;
				CLANG_ENABLE_OBJC_ARC = YES;
				CLANG_ENABLE_OBJC_WEAK = YES;
				CLANG_WARN_BLOCK_CAPTURE_AUTORELEASING = YES;
				CLANG_WARN_BOOL_CONVERSION = YES;
				CLANG_WARN_COMMA = YES;
				CLANG_WARN_CONSTANT_CONVERSION = YES;
				CLANG_WARN_DEPRECATED_OBJC_IMPLEMENTATIONS = YES;
				CLANG_WARN_DIRECT_OBJC_ISA_USAGE = YES_ERROR;
				CLANG_WARN_DOCUMENTATION_COMMENTS = YES;
				CLANG_WARN_EMPTY_BODY = YES;
				CLANG_WARN_ENUM_CONVERSION = YES;
				CLANG_WARN_INFINITE_RECURSION = YES;
				CLANG_WARN_INT_CONVERSION = YES;
				CLANG_WARN_NON_LITERAL_NULL_CONVERSION = YES;
				CLANG_WARN_OBJC_IMPLICIT_RETAIN_SELF = YES;
				CLANG_WARN_OBJC_LITERAL_CONVERSION = YES;
				CLANG_WARN_OBJC_ROOT_CLASS = YES_ERROR;
				CLANG_WARN_RANGE_LOOP_ANALYSIS = YES;
				CLANG_WARN_STRICT_PROTOTYPES = YES;
				CLANG_WARN_SUSPICIOUS_MOVE = YES;
				CLANG_WARN_UNGUARDED_AVAILABILITY = YES_AGGRESSIVE;
				CLANG_WARN_UNREACHABLE_CODE = YES;
				CLANG_WARN__DUPLICATE_METHOD_MATCH = YES;
				COPY_PHASE_STRIP = NO;
				DEBUG_INFORMATION_FORMAT = "dwarf-with-dsym";
				ENABLE_NS_ASSERTIONS = NO;
				ENABLE_STRICT_OBJC_MSGSEND = YES;
				GCC_C_LANGUAGE_STANDARD = gnu11;
				GCC_NO_COMMON_BLOCKS = YES;
				GCC_WARN_64_TO_32_BIT_CONVERSION = YES;
				GCC_WARN_ABOUT_RETURN_TYPE = YES_ERROR;
				GCC_WARN_UNDECLARED_SELECTOR = YES;
				GCC_WARN_UNINITIALIZED_AUTOS = YES_AGGRESSIVE;
				GCC_WARN_UNUSED_FUNCTION = YES;
				GCC_WARN_UNUSED_VARIABLE = YES;
				IPHONEOS_DEPLOYMENT_TARGET = 13.2;
				MTL_ENABLE_DEBUG_INFO = NO;
				MTL_FAST_MATH = YES;
				SDKROOT = iphoneos;
				SWIFT_COMPILATION_MODE = wholemodule;
				SWIFT_OPTIMIZATION_LEVEL = "-O";
				VALIDATE_PRODUCT = YES;
			};
			name = Release;
		};
		3FE676AC24FDF03A004709A7 /* Debug */ = {
			isa = XCBuildConfiguration;
			buildSettings = {
				ASSETCATALOG_COMPILER_APPICON_NAME = AppIcon;
				CODE_SIGN_STYLE = Automatic;
				INFOPLIST_FILE = tip/Info.plist;
				LD_RUNPATH_SEARCH_PATHS = (
					"$(inherited)",
					"@executable_path/Frameworks",
				);
				PRODUCT_BUNDLE_IDENTIFIER = Codepath.tip;
				PRODUCT_NAME = "$(TARGET_NAME)";
				SWIFT_VERSION = 5.0;
				TARGETED_DEVICE_FAMILY = "1,2";
			};
			name = Debug;
		};
		3FE676AD24FDF03A004709A7 /* Release */ = {
			isa = XCBuildConfiguration;
			buildSettings = {
				ASSETCATALOG_COMPILER_APPICON_NAME = AppIcon;
				CODE_SIGN_STYLE = Automatic;
				INFOPLIST_FILE = tip/Info.plist;
				LD_RUNPATH_SEARCH_PATHS = (
					"$(inherited)",
					"@executable_path/Frameworks",
				);
				PRODUCT_BUNDLE_IDENTIFIER = Codepath.tip;
				PRODUCT_NAME = "$(TARGET_NAME)";
				SWIFT_VERSION = 5.0;
				TARGETED_DEVICE_FAMILY = "1,2";
			};
			name = Release;
		};
		3FE676AF24FDF03A004709A7 /* Debug */ = {
			isa = XCBuildConfiguration;
			buildSettings = {
				ALWAYS_EMBED_SWIFT_STANDARD_LIBRARIES = YES;
				BUNDLE_LOADER = "$(TEST_HOST)";
				CODE_SIGN_STYLE = Automatic;
				INFOPLIST_FILE = tipTests/Info.plist;
				IPHONEOS_DEPLOYMENT_TARGET = 13.2;
				LD_RUNPATH_SEARCH_PATHS = (
					"$(inherited)",
					"@executable_path/Frameworks",
					"@loader_path/Frameworks",
				);
				PRODUCT_BUNDLE_IDENTIFIER = Codepath.tipTests;
				PRODUCT_NAME = "$(TARGET_NAME)";
				SWIFT_VERSION = 5.0;
				TARGETED_DEVICE_FAMILY = "1,2";
				TEST_HOST = "$(BUILT_PRODUCTS_DIR)/tip.app/tip";
			};
			name = Debug;
		};
		3FE676B024FDF03A004709A7 /* Release */ = {
			isa = XCBuildConfiguration;
			buildSettings = {
				ALWAYS_EMBED_SWIFT_STANDARD_LIBRARIES = YES;
				BUNDLE_LOADER = "$(TEST_HOST)";
				CODE_SIGN_STYLE = Automatic;
				INFOPLIST_FILE = tipTests/Info.plist;
				IPHONEOS_DEPLOYMENT_TARGET = 13.2;
				LD_RUNPATH_SEARCH_PATHS = (
					"$(inherited)",
					"@executable_path/Frameworks",
					"@loader_path/Frameworks",
				);
				PRODUCT_BUNDLE_IDENTIFIER = Codepath.tipTests;
				PRODUCT_NAME = "$(TARGET_NAME)";
				SWIFT_VERSION = 5.0;
				TARGETED_DEVICE_FAMILY = "1,2";
				TEST_HOST = "$(BUILT_PRODUCTS_DIR)/tip.app/tip";
			};
			name = Release;
		};
		3FE676B224FDF03A004709A7 /* Debug */ = {
			isa = XCBuildConfiguration;
			buildSettings = {
				ALWAYS_EMBED_SWIFT_STANDARD_LIBRARIES = YES;
				CODE_SIGN_STYLE = Automatic;
				INFOPLIST_FILE = tipUITests/Info.plist;
				LD_RUNPATH_SEARCH_PATHS = (
					"$(inherited)",
					"@executable_path/Frameworks",
					"@loader_path/Frameworks",
				);
				PRODUCT_BUNDLE_IDENTIFIER = Codepath.tipUITests;
				PRODUCT_NAME = "$(TARGET_NAME)";
				SWIFT_VERSION = 5.0;
				TARGETED_DEVICE_FAMILY = "1,2";
				TEST_TARGET_NAME = tip;
			};
			name = Debug;
		};
		3FE676B324FDF03A004709A7 /* Release */ = {
			isa = XCBuildConfiguration;
			buildSettings = {
				ALWAYS_EMBED_SWIFT_STANDARD_LIBRARIES = YES;
				CODE_SIGN_STYLE = Automatic;
				INFOPLIST_FILE = tipUITests/Info.plist;
				LD_RUNPATH_SEARCH_PATHS = (
					"$(inherited)",
					"@executable_path/Frameworks",
					"@loader_path/Frameworks",
				);
				PRODUCT_BUNDLE_IDENTIFIER = Codepath.tipUITests;
				PRODUCT_NAME = "$(TARGET_NAME)";
				SWIFT_VERSION = 5.0;
				TARGETED_DEVICE_FAMILY = "1,2";
				TEST_TARGET_NAME = tip;
			};
			name = Release;
		};
/* End XCBuildConfiguration section */

/* Begin XCConfigurationList section */
		3FE6767C24FDF038004709A7 /* Build configuration list for PBXProject "tip" */ = {
			isa = XCConfigurationList;
			buildConfigurations = (
				3FE676A924FDF03A004709A7 /* Debug */,
				3FE676AA24FDF03A004709A7 /* Release */,
			);
			defaultConfigurationIsVisible = 0;
			defaultConfigurationName = Release;
		};
		3FE676AB24FDF03A004709A7 /* Build configuration list for PBXNativeTarget "tip" */ = {
			isa = XCConfigurationList;
			buildConfigurations = (
				3FE676AC24FDF03A004709A7 /* Debug */,
				3FE676AD24FDF03A004709A7 /* Release */,
			);
			defaultConfigurationIsVisible = 0;
			defaultConfigurationName = Release;
		};
		3FE676AE24FDF03A004709A7 /* Build configuration list for PBXNativeTarget "tipTests" */ = {
			isa = XCConfigurationList;
			buildConfigurations = (
				3FE676AF24FDF03A004709A7 /* Debug */,
				3FE676B024FDF03A004709A7 /* Release */,
			);
			defaultConfigurationIsVisible = 0;
			defaultConfigurationName = Release;
		};
		3FE676B124FDF03A004709A7 /* Build configuration list for PBXNativeTarget "tipUITests" */ = {
			isa = XCConfigurationList;
			buildConfigurations = (
				3FE676B224FDF03A004709A7 /* Debug */,
				3FE676B324FDF03A004709A7 /* Release */,
			);
			defaultConfigurationIsVisible = 0;
			defaultConfigurationName = Release;
		};
/* End XCConfigurationList section */
	};
	rootObject = 3FE6767924FDF038004709A7 /* Project object */;
}
